{
  "name": "testbed_forsortablewc",
  "version": "1.0.0",
  "lockfileVersion": 1,
  "requires": true,
  "dependencies": {
    "sortablejs": {
      "version": "1.10.0-rc3",
      "resolved": "https://registry.npmjs.org/sortablejs/-/sortablejs-1.10.0-rc3.tgz",
      "integrity": "sha512-uw8vZqwI3nkIeAqdrP6N/GDxFW3dY7yz3/rK0GLLoe8aJ2RZALmo6mAwOi+uA7RYuqfz2lm7AACr4ms6gXcb6w=="
    }
  }
}
